
Microsoft Visual Studio Solution File, Format Version 12.00
# Visual Studio 15
VisualStudioVersion = 15.0.28307.421
MinimumVisualStudioVersion = 10.0.40219.1
Project("{FAE04EC0-301F-11D3-BF4B-00C04F79EFBC}") = "WebApiRestE2", "WebApiRestE2\WebApiRestE2.csproj", "{DE9AD7CF-AF63-45E4-B2A1-C59AE1691DBD}"
EndProject
Global
	GlobalSection(SolutionConfigurationPlatforms) = preSolution
		Debug|Any CPU = Debug|Any CPU
		Release|Any CPU = Release|Any CPU
	EndGlobalSection
	GlobalSection(ProjectConfigurationPlatforms) = postSolution
		{DE9AD7CF-AF63-45E4-B2A1-C59AE1691DBD}.Debug|Any CPU.ActiveCfg = Debug|Any CPU
		{DE9AD7CF-AF63-45E4-B2A1-C59AE1691DBD}.Debug|Any CPU.Build.0 = Debug|Any CPU
		{DE9AD7CF-AF63-45E4-B2A1-C59AE1691DBD}.Release|Any CPU.ActiveCfg = Release|Any CPU
		{DE9AD7CF-AF63-45E4-B2A1-C59AE1691DBD}.Release|Any CPU.Build.0 = Release|Any CPU
	EndGlobalSection
	GlobalSection(SolutionProperties) = preSolution
		HideSolutionNode = FALSE
	EndGlobalSection
	GlobalSection(ExtensibilityGlobals) = postSolution
		SolutionGuid = {0D29148C-A86C-4176-8099-E05906A0BF16}
	EndGlobalSection
EndGlobal
